# THIS IS AN AUTOGENERATED FILE. DO NOT EDIT THIS FILE DIRECTLY.
# yarn lockfile v1


"@babel/runtime@^7.0.0":
  version "7.4.5"
  resolved "https://registry.yarnpkg.com/@babel/runtime/-/runtime-7.4.5.tgz#582bb531f5f9dc67d2fcb682979894f75e253f12"
  integrity sha512-TuI4qpWZP6lGOGIuGWtp9sPluqYICmbk8T/1vpSysqJxRPkudh/ofFWyqdcMsDf2s7KvDL4/YHgKyvcS3g9CJQ==
  dependencies:
    regenerator-runtime "^0.13.2"

"@redux-saga/core@^1.0.1":
  version "1.0.2"
  resolved "https://registry.yarnpkg.com/@redux-saga/core/-/core-1.0.2.tgz#4336a5bb4253e5ca69681c25a863fbbc03ea6d88"
  integrity sha512-AsJYcpuYfM1cmxJvfhXs9HAFSZVEG17TMsLPlXH7+Hq5a5ZP4GqcbtijEmS2AC7NR5lLJHy8csxpqz22PeW5dw==
  dependencies:
    "@babel/runtime" "^7.0.0"
    "@redux-saga/deferred" "^1.0.1"
    "@redux-saga/delay-p" "^1.0.1"
    "@redux-saga/is" "^1.0.2"
    "@redux-saga/symbols" "^1.0.1"
    "@redux-saga/types" "^1.0.2"
    redux ">=0.10 <5"
    typescript-tuple "^2.1.0"

"@redux-saga/deferred@^1.0.1":
  version "1.0.1"
  resolved "https://registry.yarnpkg.com/@redux-saga/deferred/-/deferred-1.0.1.tgz#c895445e486bded90acf0b873b4e978fbfe458c2"
  integrity sha512-+gW5xQ93QXOOmRLAmX8x2Hx1HpbTG6CM6+HcdTSbJovh4uMWaGyeDECnqXSt8QqA/ja3s2nqYXLqXFKepIQ1hw==

"@redux-saga/delay-p@^1.0.1":
  version "1.0.1"
  resolved "https://registry.yarnpkg.com/@redux-saga/delay-p/-/delay-p-1.0.1.tgz#d69fc6103c7509ae80faa144ea17bbc69e51e029"
  integrity sha512-0SnNDyDLUyB4NThtptAwiprNOnbCNhoed/Rp5JwS7SB+a/AdWynVgg/E6BmjsggLFNr07KW0bzn05tsPRBuU7Q==
  dependencies:
    "@redux-saga/symbols" "^1.0.1"

"@redux-saga/is@^1.0.2":
  version "1.0.2"
  resolved "https://registry.yarnpkg.com/@redux-saga/is/-/is-1.0.2.tgz#7f4be014c97061898d7efb11d6c9de31e943ed38"
  integrity sha512-WnaUOwYvPK2waWjzebT4uhL8zY76XNkzzpJ2EQJe8bN1tByvAjvT7MuJZTSshOhdHL5PsRO0MsH224XIXBJidQ==
  dependencies:
    "@redux-saga/symbols" "^1.0.1"
    "@redux-saga/types" "^1.0.2"

"@redux-saga/symbols@^1.0.1":
  version "1.0.1"
  resolved "https://registry.yarnpkg.com/@redux-saga/symbols/-/symbols-1.0.1.tgz#46512ae1275f88df061c42168d0f600ddb170c1e"
  integrity sha512-akKkzcVnb1RzJaZV2LQFbi51abvdICMuAKwwLoCjjxLbLAGIw9EJxk5ucNnWSSCEsoEQMeol5tkAcK+Xzuv1Bg==

"@redux-saga/types@^1.0.2":
  version "1.0.2"
  resolved "https://registry.yarnpkg.com/@redux-saga/types/-/types-1.0.2.tgz#1d94f02800b094753f9271c206a26c2a06ca14ee"
  integrity sha512-8/qcMh15507AnXJ3lBeuhsdFwnWQqnp68EpUuHlYPixJ5vjVmls7/Jq48cnUlrZI8Jd9U1jkhfCl0gaT5KMgVw==

"js-tokens@^3.0.0 || ^4.0.0":
  version "4.0.0"
  resolved "https://registry.yarnpkg.com/js-tokens/-/js-tokens-4.0.0.tgz#19203fb59991df98e3a287050d4647cdeaf32499"
  integrity sha512-RdJUflcE3cUzKiMqQgsCu06FPu9UdIJO0beYbPhHN4k6apgJtifcoCtT9bcxOpYBtpD2kCM6Sbzg4CausW/PKQ==

loose-envify@^1.4.0:
  version "1.4.0"
  resolved "https://registry.yarnpkg.com/loose-envify/-/loose-envify-1.4.0.tgz#71ee51fa7be4caec1a63839f7e682d8132d30caf"
  integrity sha512-lyuxPGr/Wfhrlem2CL/UcnUc1zcqKAImBDzukY7Y5F/yQiNdko6+fRLevlw1HgMySw7f611UIY408EtxRSoK3Q==
  dependencies:
    js-tokens "^3.0.0 || ^4.0.0"

moment@2.22.2:
  version "2.22.2"
  resolved "https://registry.yarnpkg.com/moment/-/moment-2.22.2.tgz#3c257f9839fc0e93ff53149632239eb90783ff66"
  integrity sha1-PCV/mDn8DpP/UxSWMiOeuQeD/2Y=

redux-saga@1.0.1:
  version "1.0.1"
  resolved "https://registry.yarnpkg.com/redux-saga/-/redux-saga-1.0.1.tgz#5f5c6803882bc5c7c8dd558562e8392ef15e3ffe"
  integrity sha512-XAp0OliRaoBCk/qynMfvXnTtC1WXrEpSqMwPKtOZHXVbQFekdcei/Eln/w0L7m3NcNxYQSlWwdUoffWzB1oAAQ==
  dependencies:
    "@redux-saga/core" "^1.0.1"

redux@4.0.1, "redux@>=0.10 <5":
  version "4.0.1"
  resolved "https://registry.yarnpkg.com/redux/-/redux-4.0.1.tgz#436cae6cc40fbe4727689d7c8fae44808f1bfef5"
  integrity sha512-R7bAtSkk7nY6O/OYMVR9RiBI+XghjF9rlbl5806HJbQph0LJVHZrU5oaO4q70eUKiqMRqm4y07KLTlMZ2BlVmg==
  dependencies:
    loose-envify "^1.4.0"
    symbol-observable "^1.2.0"

regenerator-runtime@^0.13.2:
  version "0.13.2"
  resolved "https://registry.yarnpkg.com/regenerator-runtime/-/regenerator-runtime-0.13.2.tgz#32e59c9a6fb9b1a4aff09b4930ca2d4477343447"
  integrity sha512-S/TQAZJO+D3m9xeN1WTI8dLKBBiRgXBlTJvbWjCThHWZj9EvHK70Ff50/tYj2J/fvBY6JtFVwRuazHN2E7M9BA==

symbol-observable@^1.2.0:
  version "1.2.0"
  resolved "https://registry.yarnpkg.com/symbol-observable/-/symbol-observable-1.2.0.tgz#c22688aed4eab3cdc2dfeacbb561660560a00804"
  integrity sha512-e900nM8RRtGhlV36KGEU9k65K3mPb1WV70OdjfxlG2EAuM1noi/E/BaW/uMhL7bPEssK8QV57vN3esixjUvcXQ==

typescript-compare@^0.0.2:
  version "0.0.2"
  resolved "https://registry.yarnpkg.com/typescript-compare/-/typescript-compare-0.0.2.tgz#7ee40a400a406c2ea0a7e551efd3309021d5f425"
  integrity sha512-8ja4j7pMHkfLJQO2/8tut7ub+J3Lw2S3061eJLFQcvs3tsmJKp8KG5NtpLn7KcY2w08edF74BSVN7qJS0U6oHA==
  dependencies:
    typescript-logic "^0.0.0"

typescript-logic@^0.0.0:
  version "0.0.0"
  resolved "https://registry.yarnpkg.com/typescript-logic/-/typescript-logic-0.0.0.tgz#66ebd82a2548f2b444a43667bec120b496890196"
  integrity sha512-zXFars5LUkI3zP492ls0VskH3TtdeHCqu0i7/duGt60i5IGPIpAHE/DWo5FqJ6EjQ15YKXrt+AETjv60Dat34Q==

typescript-tuple@^2.1.0:
  version "2.2.1"
  resolved "https://registry.yarnpkg.com/typescript-tuple/-/typescript-tuple-2.2.1.tgz#7d9813fb4b355f69ac55032e0363e8bb0f04dad2"
  integrity sha512-Zcr0lbt8z5ZdEzERHAMAniTiIKerFCMgd7yjq1fPnDJ43et/k9twIFQMUYff9k5oXcsQ0WpvFcgzK2ZKASoW6Q==
  dependencies:
    typescript-compare "^0.0.2"

typescript@3.4.5:
  version "3.4.5"
  resolved "https://registry.yarnpkg.com/typescript/-/typescript-3.4.5.tgz#2d2618d10bb566572b8d7aad5180d84257d70a99"
  integrity sha512-YycBxUb49UUhdNMU5aJ7z5Ej2XGmaIBL0x34vZ82fn3hGvD+bgrMrVDpatgz2f7YxUMJxMkbWxJZeAvDxVe7Vw==

validator@10.11.0:
  version "10.11.0"
  resolved "https://registry.yarnpkg.com/validator/-/validator-10.11.0.tgz#003108ea6e9a9874d31ccc9e5006856ccd76b228"
  integrity sha512-X/p3UZerAIsbBfN/IwahhYaBbY68EN/UQBWHtsbXGT5bfrH/p4NQzUCG1kF/rtKaNpnJ7jAu6NGTdSNtyNIXMw==
